
Microsoft Visual Studio Solution File, Format Version 12.00
# Visual Studio Version 17
VisualStudioVersion = 17.9.34616.47
MinimumVisualStudioVersion = 10.0.40219.1
Project("{FAE04EC0-301F-11D3-BF4B-00C04F79EFBC}") = "Miles - kilometers", "Miles - kilometers\Miles - kilometers.csproj", "{FD259AD8-23A4-4A3B-9E9F-604A382BA884}"
EndProject
Project("{FAE04EC0-301F-11D3-BF4B-00C04F79EFBC}") = "Pounds_kg", "Pounds_kg\Pounds_kg.csproj", "{7222EE5C-9E2A-4E95-9D82-25C996BD3AEF}"
EndProject
Project("{FAE04EC0-301F-11D3-BF4B-00C04F79EFBC}") = "Сonverter", "Сonverter\Сonverter.csproj", "{5ACF2241-5BA9-4F78-B94D-2842691B2331}"
EndProject
Global
	GlobalSection(SolutionConfigurationPlatforms) = preSolution
		Debug|Any CPU = Debug|Any CPU
		Release|Any CPU = Release|Any CPU
	EndGlobalSection
	GlobalSection(ProjectConfigurationPlatforms) = postSolution
		{FD259AD8-23A4-4A3B-9E9F-604A382BA884}.Debug|Any CPU.ActiveCfg = Debug|Any CPU
		{FD259AD8-23A4-4A3B-9E9F-604A382BA884}.Debug|Any CPU.Build.0 = Debug|Any CPU
		{FD259AD8-23A4-4A3B-9E9F-604A382BA884}.Release|Any CPU.ActiveCfg = Release|Any CPU
		{FD259AD8-23A4-4A3B-9E9F-604A382BA884}.Release|Any CPU.Build.0 = Release|Any CPU
		{7222EE5C-9E2A-4E95-9D82-25C996BD3AEF}.Debug|Any CPU.ActiveCfg = Debug|Any CPU
		{7222EE5C-9E2A-4E95-9D82-25C996BD3AEF}.Debug|Any CPU.Build.0 = Debug|Any CPU
		{7222EE5C-9E2A-4E95-9D82-25C996BD3AEF}.Release|Any CPU.ActiveCfg = Release|Any CPU
		{7222EE5C-9E2A-4E95-9D82-25C996BD3AEF}.Release|Any CPU.Build.0 = Release|Any CPU
		{5ACF2241-5BA9-4F78-B94D-2842691B2331}.Debug|Any CPU.ActiveCfg = Debug|Any CPU
		{5ACF2241-5BA9-4F78-B94D-2842691B2331}.Debug|Any CPU.Build.0 = Debug|Any CPU
		{5ACF2241-5BA9-4F78-B94D-2842691B2331}.Release|Any CPU.ActiveCfg = Release|Any CPU
		{5ACF2241-5BA9-4F78-B94D-2842691B2331}.Release|Any CPU.Build.0 = Release|Any CPU
	EndGlobalSection
	GlobalSection(SolutionProperties) = preSolution
		HideSolutionNode = FALSE
	EndGlobalSection
	GlobalSection(ExtensibilityGlobals) = postSolution
		SolutionGuid = {0661B14E-F4CA-4886-B53D-C37F3FEA77C9}
	EndGlobalSection
EndGlobal
